<?xml version="1.0" encoding="utf-8"?>
<Project ToolsVersion="4.0" xmlns="http://schemas.microsoft.com/developer/msbuild/2003">
  <ItemGroup>
    <Filter Include="Header Files">
      <UniqueIdentifier>{747828fa-dff7-44dc-b8a0-61be555e1cc3}</UniqueIdentifier>
    </Filter>
    <Filter Include="Source Files">
      <UniqueIdentifier>{55d0e31b-c2cb-4f45-b811-499389b20920}</UniqueIdentifier>
    </Filter>
    <Filter Include="Kernel Files">
      <UniqueIdentifier>{617d7dbe-141d-46f7-9e4e-fbdd6b64afae}</UniqueIdentifier>
    </Filter>
    <Filter Include="Kernel Files\Header Files">
      <UniqueIdentifier>{48dd6721-0b18-4c62-9d6f-8242bcdf1783}</UniqueIdentifier>
    </Filter>
    <Filter Include="Kernel Files\Source Files">
      <UniqueIdentifier>{e4e107ee-162b-42a2-9402-57ed8eb5ce1b}</UniqueIdentifier>
    </Filter>
  </ItemGroup>
  <ItemGroup>
    <ClCompile Include="..\source\main.cpp">
      <Filter>Source Files</Filter>
    </ClCompile>
    <ClCompile Include="..\source\minimax.cpp">
      <Filter>Source Files</Filter>
    </ClCompile>
    <ClCompile Include="..\source\bitboard.cpp">
      <Filter>Source Files</Filter>
    </ClCompile>
    <ClCompile Include="..\source\bitwise_helpers.cpp">
      <Filter>Source Files</Filter>
    </ClCompile>
    <ClCompile Include="..\source\bitboard_templates.cpp">
      <Filter>Source Files</Filter>
    </ClCompile>
  </ItemGroup>
  <ItemGroup>
    <ClInclude Include="..\source\board.h">
      <Filter>Header Files</Filter>
    </ClInclude>
    <ClInclude Include="..\source\macros.h">
      <Filter>Header Files</Filter>
    </ClInclude>
    <ClInclude Include="..\source\precomp.h">
      <Filter>Header Files</Filter>
    </ClInclude>
    <ClInclude Include="..\source\minimax.h">
      <Filter>Header Files</Filter>
    </ClInclude>
    <ClInclude Include="..\source\bitboard.h">
      <Filter>Header Files</Filter>
    </ClInclude>
    <ClInclude Include="..\source\bitwise_helpers.h">
      <Filter>Header Files</Filter>
    </ClInclude>
    <ClInclude Include="..\source\gpubitboard.cuh">
      <Filter>Kernel Files\Header Files</Filter>
    </ClInclude>
    <ClInclude Include="..\source\gpubitwise_helpers.cuh">
      <Filter>Kernel Files\Header Files</Filter>
    </ClInclude>
    <ClInclude Include="..\source\precomp.cuh">
      <Filter>Kernel Files\Header Files</Filter>
    </ClInclude>
    <ClInclude Include="..\source\gpuminimax.h">
      <Filter>Header Files</Filter>
    </ClInclude>
    <ClInclude Include="..\source\gpuminimax.cuh">
      <Filter>Kernel Files\Header Files</Filter>
    </ClInclude>
  </ItemGroup>
  <ItemGroup>
    <CudaCompile Include="..\source\gpubitboard.cu">
      <Filter>Kernel Files\Source Files</Filter>
    </CudaCompile>
    <CudaCompile Include="..\source\gpubitwise_helpers.cu">
      <Filter>Kernel Files\Source Files</Filter>
    </CudaCompile>
    <CudaCompile Include="..\source\gpuminimax_master.cu">
      <Filter>Kernel Files\Source Files</Filter>
    </CudaCompile>
    <CudaCompile Include="..\source\gpuminimax_next.cu">
      <Filter>Kernel Files\Source Files</Filter>
    </CudaCompile>
    <CudaCompile Include="..\source\gpuminimax_helpers.cu">
      <Filter>Kernel Files\Source Files</Filter>
    </CudaCompile>
    <CudaCompile Include="..\source\gpuminimax_black.cu">
      <Filter>Kernel Files\Source Files</Filter>
    </CudaCompile>
    <CudaCompile Include="..\source\gpuminimax_white.cu">
      <Filter>Kernel Files\Source Files</Filter>
    </CudaCompile>
    <CudaCompile Include="..\source\gpuminimax.cu">
      <Filter>Kernel Files\Source Files</Filter>
    </CudaCompile>
  </ItemGroup>
</Project>