<?xml version="1.0" encoding="utf-8"?>
<Project ToolsVersion="4.0" xmlns="http://schemas.microsoft.com/developer/msbuild/2003">
  <ItemGroup>
    <Filter Include="Header Files">
      <UniqueIdentifier>{747828fa-dff7-44dc-b8a0-61be555e1cc3}</UniqueIdentifier>
    </Filter>
    <Filter Include="Source Files">
      <UniqueIdentifier>{55d0e31b-c2cb-4f45-b811-499389b20920}</UniqueIdentifier>
    </Filter>
    <Filter Include="Kernel Files">
      <UniqueIdentifier>{617d7dbe-141d-46f7-9e4e-fbdd6b64afae}</UniqueIdentifier>
    </Filter>
  </ItemGroup>
  <ItemGroup>
    <ClCompile Include="..\source\main.cpp">
      <Filter>Source Files</Filter>
    </ClCompile>
    <ClCompile Include="..\source\board.cpp">
      <Filter>Source Files</Filter>
    </ClCompile>
    <ClCompile Include="..\source\minimax.cpp">
      <Filter>Source Files</Filter>
    </ClCompile>
  </ItemGroup>
  <ItemGroup>
    <ClInclude Include="..\source\board.h">
      <Filter>Header Files</Filter>
    </ClInclude>
    <ClInclude Include="..\source\macros.h">
      <Filter>Header Files</Filter>
    </ClInclude>
    <ClInclude Include="..\source\precomp.h">
      <Filter>Header Files</Filter>
    </ClInclude>
    <ClInclude Include="..\source\minimax.h">
      <Filter>Header Files</Filter>
    </ClInclude>
  </ItemGroup>
</Project>